
Microsoft Visual Studio Solution File, Format Version 12.00
# Visual Studio Version 16
VisualStudioVersion = 16.0.31624.102
MinimumVisualStudioVersion = 10.0.40219.1
Project("{FAE04EC0-301F-11D3-BF4B-00C04F79EFBC}") = "vowel or consonent", "vowel or consonent.csproj", "{C7D20F4E-3C63-4165-AB7B-586F11AAE39A}"
EndProject
Global
	GlobalSection(SolutionConfigurationPlatforms) = preSolution
		Debug|Any CPU = Debug|Any CPU
		Release|Any CPU = Release|Any CPU
	EndGlobalSection
	GlobalSection(ProjectConfigurationPlatforms) = postSolution
		{C7D20F4E-3C63-4165-AB7B-586F11AAE39A}.Debug|Any CPU.ActiveCfg = Debug|Any CPU
		{C7D20F4E-3C63-4165-AB7B-586F11AAE39A}.Debug|Any CPU.Build.0 = Debug|Any CPU
		{C7D20F4E-3C63-4165-AB7B-586F11AAE39A}.Release|Any CPU.ActiveCfg = Release|Any CPU
		{C7D20F4E-3C63-4165-AB7B-586F11AAE39A}.Release|Any CPU.Build.0 = Release|Any CPU
	EndGlobalSection
	GlobalSection(SolutionProperties) = preSolution
		HideSolutionNode = FALSE
	EndGlobalSection
	GlobalSection(ExtensibilityGlobals) = postSolution
		SolutionGuid = {E5E220BC-72DF-4DCB-A760-C2EE0637FE97}
	EndGlobalSection
EndGlobal
